
Microsoft Visual Studio Solution File, Format Version 12.00
# Visual Studio 15
VisualStudioVersion = 15.0.28307.572
MinimumVisualStudioVersion = 10.0.40219.1
Project("{FAE04EC0-301F-11D3-BF4B-00C04F79EFBC}") = "Lab9", "Lab9\Lab9.csproj", "{EADCCB98-BF23-4520-A225-5704E4B26E99}"
EndProject
Global
	GlobalSection(SolutionConfigurationPlatforms) = preSolution
		Debug|Any CPU = Debug|Any CPU
		Release|Any CPU = Release|Any CPU
	EndGlobalSection
	GlobalSection(ProjectConfigurationPlatforms) = postSolution
		{EADCCB98-BF23-4520-A225-5704E4B26E99}.Debug|Any CPU.ActiveCfg = Debug|Any CPU
		{EADCCB98-BF23-4520-A225-5704E4B26E99}.Debug|Any CPU.Build.0 = Debug|Any CPU
		{EADCCB98-BF23-4520-A225-5704E4B26E99}.Release|Any CPU.ActiveCfg = Release|Any CPU
		{EADCCB98-BF23-4520-A225-5704E4B26E99}.Release|Any CPU.Build.0 = Release|Any CPU
	EndGlobalSection
	GlobalSection(SolutionProperties) = preSolution
		HideSolutionNode = FALSE
	EndGlobalSection
	GlobalSection(ExtensibilityGlobals) = postSolution
		SolutionGuid = {9ADD5287-5E82-4D8C-B664-1C8F67329234}
	EndGlobalSection
EndGlobal
